
Microsoft Visual Studio Solution File, Format Version 12.00
# Visual Studio Version 17
VisualStudioVersion = 17.5.002.0
MinimumVisualStudioVersion = 10.0.40219.1
Project("{9A19103F-16F7-4668-BE54-9A1E7A4F7556}") = "HelloWorld", "HelloWorld.csproj", "{571F947F-9163-46CF-B9A2-218F1B7CF4B5}"
EndProject
Global
	GlobalSection(SolutionConfigurationPlatforms) = preSolution
		Debug|Any CPU = Debug|Any CPU
		Release|Any CPU = Release|Any CPU
	EndGlobalSection
	GlobalSection(ProjectConfigurationPlatforms) = postSolution
		{571F947F-9163-46CF-B9A2-218F1B7CF4B5}.Debug|Any CPU.ActiveCfg = Debug|Any CPU
		{571F947F-9163-46CF-B9A2-218F1B7CF4B5}.Debug|Any CPU.Build.0 = Debug|Any CPU
		{571F947F-9163-46CF-B9A2-218F1B7CF4B5}.Release|Any CPU.ActiveCfg = Release|Any CPU
		{571F947F-9163-46CF-B9A2-218F1B7CF4B5}.Release|Any CPU.Build.0 = Release|Any CPU
	EndGlobalSection
	GlobalSection(SolutionProperties) = preSolution
		HideSolutionNode = FALSE
	EndGlobalSection
	GlobalSection(ExtensibilityGlobals) = postSolution
		SolutionGuid = {02FFEC0B-9DD1-4309-90B3-F770BF4D759D}
	EndGlobalSection
EndGlobal
